
Microsoft Visual Studio Solution File, Format Version 12.00
# Visual Studio 2013
VisualStudioVersion = 12.0.30723.0
MinimumVisualStudioVersion = 10.0.40219.1
Project("{FAE04EC0-301F-11D3-BF4B-00C04F79EFBC}") = "Kheper.Core", "Kheper.Core\Kheper.Core.csproj", "{ED410591-132D-41CD-BF5C-51228EB1210B}"
EndProject
Project("{FAE04EC0-301F-11D3-BF4B-00C04F79EFBC}") = "Kheper.Tests", "Kheper.Tests\Kheper.Tests.csproj", "{8108CE10-7CA4-4DC4-A5E0-2729B1F53387}"
EndProject
Project("{FAE04EC0-301F-11D3-BF4B-00C04F79EFBC}") = "Kheper.Web", "Kheper.Web\Kheper.Web.csproj", "{67F521C9-76DA-49F9-8C0E-1EAA78E99800}"
EndProject
Project("{FAE04EC0-301F-11D3-BF4B-00C04F79EFBC}") = "Kheper.DataAccess", "Kheper.DataAccess\Kheper.DataAccess.csproj", "{FB015E48-DEE2-4117-A10C-90DBB0049E82}"
EndProject
Global
	GlobalSection(SolutionConfigurationPlatforms) = preSolution
		Debug|Any CPU = Debug|Any CPU
		Release|Any CPU = Release|Any CPU
	EndGlobalSection
	GlobalSection(ProjectConfigurationPlatforms) = postSolution
		{ED410591-132D-41CD-BF5C-51228EB1210B}.Debug|Any CPU.ActiveCfg = Debug|Any CPU
		{ED410591-132D-41CD-BF5C-51228EB1210B}.Debug|Any CPU.Build.0 = Debug|Any CPU
		{ED410591-132D-41CD-BF5C-51228EB1210B}.Release|Any CPU.ActiveCfg = Release|Any CPU
		{ED410591-132D-41CD-BF5C-51228EB1210B}.Release|Any CPU.Build.0 = Release|Any CPU
		{8108CE10-7CA4-4DC4-A5E0-2729B1F53387}.Debug|Any CPU.ActiveCfg = Debug|Any CPU
		{8108CE10-7CA4-4DC4-A5E0-2729B1F53387}.Debug|Any CPU.Build.0 = Debug|Any CPU
		{8108CE10-7CA4-4DC4-A5E0-2729B1F53387}.Release|Any CPU.ActiveCfg = Release|Any CPU
		{8108CE10-7CA4-4DC4-A5E0-2729B1F53387}.Release|Any CPU.Build.0 = Release|Any CPU
		{67F521C9-76DA-49F9-8C0E-1EAA78E99800}.Debug|Any CPU.ActiveCfg = Debug|Any CPU
		{67F521C9-76DA-49F9-8C0E-1EAA78E99800}.Debug|Any CPU.Build.0 = Debug|Any CPU
		{67F521C9-76DA-49F9-8C0E-1EAA78E99800}.Release|Any CPU.ActiveCfg = Release|Any CPU
		{67F521C9-76DA-49F9-8C0E-1EAA78E99800}.Release|Any CPU.Build.0 = Release|Any CPU
		{FB015E48-DEE2-4117-A10C-90DBB0049E82}.Debug|Any CPU.ActiveCfg = Debug|Any CPU
		{FB015E48-DEE2-4117-A10C-90DBB0049E82}.Debug|Any CPU.Build.0 = Debug|Any CPU
		{FB015E48-DEE2-4117-A10C-90DBB0049E82}.Release|Any CPU.ActiveCfg = Release|Any CPU
		{FB015E48-DEE2-4117-A10C-90DBB0049E82}.Release|Any CPU.Build.0 = Release|Any CPU
	EndGlobalSection
	GlobalSection(SolutionProperties) = preSolution
		HideSolutionNode = FALSE
	EndGlobalSection
EndGlobal
